// !$*UTF8*$!
{
	archiveVersion = 1;
	classes = {
	};
	objectVersion = 56;
	objects = {

/* Begin PBXBuildFile section */
		9910D93D2D634BF800FF4D14 /* DataProvider.swift in Sources */ = {isa = PBXBuildFile; fileRef = 9910D93C2D634BF800FF4D14 /* DataProvider.swift */; };
		9910D9402D634CE600FF4D14 /* Env.swift in Sources */ = {isa = PBXBuildFile; fileRef = 9910D93F2D634CE600FF4D14 /* Env.swift */; };
		9910D9422D63507E00FF4D14 /* TMDBManager.swift in Sources */ = {isa = PBXBuildFile; fileRef = 9910D9412D63507E00FF4D14 /* TMDBManager.swift */; };
		9910D9442D636F3000FF4D14 /* Response.swift in Sources */ = {isa = PBXBuildFile; fileRef = 9910D9432D636F3000FF4D14 /* Response.swift */; };
		995E92D52D63D6E500F04886 /* ItemTableCell.swift in Sources */ = {isa = PBXBuildFile; fileRef = 995E92D42D63D6E500F04886 /* ItemTableCell.swift */; };
		996919412D628ECF003EE6C3 /* ViewPager.swift in Sources */ = {isa = PBXBuildFile; fileRef = 996919402D628ECF003EE6C3 /* ViewPager.swift */; };
		996A89992D647A9300D0D260 /* Detail.swift in Sources */ = {isa = PBXBuildFile; fileRef = 996A89982D647A9300D0D260 /* Detail.swift */; };
		996A899B2D64B7B700D0D260 /* RemoteDataprovider.swift in Sources */ = {isa = PBXBuildFile; fileRef = 996A899A2D64B7B700D0D260 /* RemoteDataprovider.swift */; };
		996A899E2D64BC5700D0D260 /* ResultManager.swift in Sources */ = {isa = PBXBuildFile; fileRef = 996A899D2D64BC5700D0D260 /* ResultManager.swift */; };
		996A89A02D64BC7E00D0D260 /* ApplicationError.swift in Sources */ = {isa = PBXBuildFile; fileRef = 996A899F2D64BC7E00D0D260 /* ApplicationError.swift */; };
		99A2B1252D610A6C008BBA96 /* AppDelegate.swift in Sources */ = {isa = PBXBuildFile; fileRef = 99A2B1242D610A6C008BBA96 /* AppDelegate.swift */; };
		99A2B1272D610A6C008BBA96 /* SceneDelegate.swift in Sources */ = {isa = PBXBuildFile; fileRef = 99A2B1262D610A6C008BBA96 /* SceneDelegate.swift */; };
		99A2B12C2D610A6C008BBA96 /* Base in Resources */ = {isa = PBXBuildFile; fileRef = 99A2B12B2D610A6C008BBA96 /* Base */; };
		99A2B12E2D610A6D008BBA96 /* Assets.xcassets in Resources */ = {isa = PBXBuildFile; fileRef = 99A2B12D2D610A6D008BBA96 /* Assets.xcassets */; };
		99A2B1312D610A6D008BBA96 /* Base in Resources */ = {isa = PBXBuildFile; fileRef = 99A2B1302D610A6D008BBA96 /* Base */; };
		99A2B13A2D611270008BBA96 /* CoreNavigationController.swift in Sources */ = {isa = PBXBuildFile; fileRef = 99A2B1392D611270008BBA96 /* CoreNavigationController.swift */; };
		99A2B13E2D611458008BBA96 /* CoreViewController.swift in Sources */ = {isa = PBXBuildFile; fileRef = 99A2B13D2D611458008BBA96 /* CoreViewController.swift */; };
		99A2B1402D6114CB008BBA96 /* CoreTableViewController.swift in Sources */ = {isa = PBXBuildFile; fileRef = 99A2B13F2D6114CB008BBA96 /* CoreTableViewController.swift */; };
		99A2B1432D611676008BBA96 /* Movies.swift in Sources */ = {isa = PBXBuildFile; fileRef = 99A2B1422D611676008BBA96 /* Movies.swift */; };
		99A2B1452D6117C7008BBA96 /* BottomNavigator.swift in Sources */ = {isa = PBXBuildFile; fileRef = 99A2B1442D6117C7008BBA96 /* BottomNavigator.swift */; };
		99A2B1482D612CCC008BBA96 /* BaseNavigationController.swift in Sources */ = {isa = PBXBuildFile; fileRef = 99A2B1472D612CCC008BBA96 /* BaseNavigationController.swift */; };
		99A2B14A2D612D63008BBA96 /* BaseTableViewController.swift in Sources */ = {isa = PBXBuildFile; fileRef = 99A2B1492D612D63008BBA96 /* BaseTableViewController.swift */; };
		99A2B14C2D612FB2008BBA96 /* BaseViewController.swift in Sources */ = {isa = PBXBuildFile; fileRef = 99A2B14B2D612FB2008BBA96 /* BaseViewController.swift */; };
		99A7013F2D65DD81001BFE89 /* CoreAlertController.swift in Sources */ = {isa = PBXBuildFile; fileRef = 99A7013E2D65DD81001BFE89 /* CoreAlertController.swift */; };
		99B745D32D61F1B200CA9441 /* BottomNavigationBar.swift in Sources */ = {isa = PBXBuildFile; fileRef = 99B745D22D61F1B200CA9441 /* BottomNavigationBar.swift */; };
		99B745D62D621DF800CA9441 /* Navigator.swift in Sources */ = {isa = PBXBuildFile; fileRef = 99B745D52D621DF800CA9441 /* Navigator.swift */; };
		99B745D92D6237CD00CA9441 /* TvShows.swift in Sources */ = {isa = PBXBuildFile; fileRef = 99B745D82D6237CD00CA9441 /* TvShows.swift */; };
		99B745DB2D62563600CA9441 /* Library.swift in Sources */ = {isa = PBXBuildFile; fileRef = 99B745DA2D62563600CA9441 /* Library.swift */; };
		99B745DD2D625B2100CA9441 /* TopNavigationBar.swift in Sources */ = {isa = PBXBuildFile; fileRef = 99B745DC2D625B2100CA9441 /* TopNavigationBar.swift */; };
		99B745E02D62638500CA9441 /* Item.swift in Sources */ = {isa = PBXBuildFile; fileRef = 99B745DF2D62638500CA9441 /* Item.swift */; };
		99B745E22D62667C00CA9441 /* Application+Ext.swift in Sources */ = {isa = PBXBuildFile; fileRef = 99B745E12D62667C00CA9441 /* Application+Ext.swift */; };
		E266BD075216550B0DAEE245 /* Pods_TheMovieDataBase.framework in Frameworks */ = {isa = PBXBuildFile; fileRef = A5F9247A5416D6FFB75EBA5D /* Pods_TheMovieDataBase.framework */; };
/* End PBXBuildFile section */

/* Begin PBXFileReference section */
		9910D93C2D634BF800FF4D14 /* DataProvider.swift */ = {isa = PBXFileReference; lastKnownFileType = sourcecode.swift; path = DataProvider.swift; sourceTree = "<group>"; };
		9910D93F2D634CE600FF4D14 /* Env.swift */ = {isa = PBXFileReference; lastKnownFileType = sourcecode.swift; path = Env.swift; sourceTree = "<group>"; };
		9910D9412D63507E00FF4D14 /* TMDBManager.swift */ = {isa = PBXFileReference; lastKnownFileType = sourcecode.swift; path = TMDBManager.swift; sourceTree = "<group>"; };
		9910D9432D636F3000FF4D14 /* Response.swift */ = {isa = PBXFileReference; lastKnownFileType = sourcecode.swift; path = Response.swift; sourceTree = "<group>"; };
		995E92D42D63D6E500F04886 /* ItemTableCell.swift */ = {isa = PBXFileReference; lastKnownFileType = sourcecode.swift; path = ItemTableCell.swift; sourceTree = "<group>"; };
		996919402D628ECF003EE6C3 /* ViewPager.swift */ = {isa = PBXFileReference; lastKnownFileType = sourcecode.swift; path = ViewPager.swift; sourceTree = "<group>"; };
		996A89982D647A9300D0D260 /* Detail.swift */ = {isa = PBXFileReference; lastKnownFileType = sourcecode.swift; path = Detail.swift; sourceTree = "<group>"; };
		996A899A2D64B7B700D0D260 /* RemoteDataprovider.swift */ = {isa = PBXFileReference; lastKnownFileType = sourcecode.swift; path = RemoteDataprovider.swift; sourceTree = "<group>"; };
		996A899D2D64BC5700D0D260 /* ResultManager.swift */ = {isa = PBXFileReference; lastKnownFileType = sourcecode.swift; path = ResultManager.swift; sourceTree = "<group>"; };
		996A899F2D64BC7E00D0D260 /* ApplicationError.swift */ = {isa = PBXFileReference; lastKnownFileType = sourcecode.swift; path = ApplicationError.swift; sourceTree = "<group>"; };
		99A2B1212D610A6C008BBA96 /* TheMovieDataBase.app */ = {isa = PBXFileReference; explicitFileType = wrapper.application; includeInIndex = 0; path = TheMovieDataBase.app; sourceTree = BUILT_PRODUCTS_DIR; };
		99A2B1242D610A6C008BBA96 /* AppDelegate.swift */ = {isa = PBXFileReference; lastKnownFileType = sourcecode.swift; path = AppDelegate.swift; sourceTree = "<group>"; };
		99A2B1262D610A6C008BBA96 /* SceneDelegate.swift */ = {isa = PBXFileReference; lastKnownFileType = sourcecode.swift; path = SceneDelegate.swift; sourceTree = "<group>"; };
		99A2B12B2D610A6C008BBA96 /* Base */ = {isa = PBXFileReference; lastKnownFileType = file.storyboard; name = Base; path = Base.lproj/Main.storyboard; sourceTree = "<group>"; };
		99A2B12D2D610A6D008BBA96 /* Assets.xcassets */ = {isa = PBXFileReference; lastKnownFileType = folder.assetcatalog; path = Assets.xcassets; sourceTree = "<group>"; };
		99A2B1302D610A6D008BBA96 /* Base */ = {isa = PBXFileReference; lastKnownFileType = file.storyboard; name = Base; path = Base.lproj/LaunchScreen.storyboard; sourceTree = "<group>"; };
		99A2B1322D610A6D008BBA96 /* Info.plist */ = {isa = PBXFileReference; lastKnownFileType = text.plist.xml; path = Info.plist; sourceTree = "<group>"; };
		99A2B1392D611270008BBA96 /* CoreNavigationController.swift */ = {isa = PBXFileReference; lastKnownFileType = sourcecode.swift; path = CoreNavigationController.swift; sourceTree = "<group>"; };
		99A2B13D2D611458008BBA96 /* CoreViewController.swift */ = {isa = PBXFileReference; lastKnownFileType = sourcecode.swift; path = CoreViewController.swift; sourceTree = "<group>"; };
		99A2B13F2D6114CB008BBA96 /* CoreTableViewController.swift */ = {isa = PBXFileReference; lastKnownFileType = sourcecode.swift; path = CoreTableViewController.swift; sourceTree = "<group>"; };
		99A2B1422D611676008BBA96 /* Movies.swift */ = {isa = PBXFileReference; lastKnownFileType = sourcecode.swift; path = Movies.swift; sourceTree = "<group>"; };
		99A2B1442D6117C7008BBA96 /* BottomNavigator.swift */ = {isa = PBXFileReference; lastKnownFileType = sourcecode.swift; path = BottomNavigator.swift; sourceTree = "<group>"; };
		99A2B1472D612CCC008BBA96 /* BaseNavigationController.swift */ = {isa = PBXFileReference; lastKnownFileType = sourcecode.swift; path = BaseNavigationController.swift; sourceTree = "<group>"; };
		99A2B1492D612D63008BBA96 /* BaseTableViewController.swift */ = {isa = PBXFileReference; lastKnownFileType = sourcecode.swift; path = BaseTableViewController.swift; sourceTree = "<group>"; };
		99A2B14B2D612FB2008BBA96 /* BaseViewController.swift */ = {isa = PBXFileReference; lastKnownFileType = sourcecode.swift; path = BaseViewController.swift; sourceTree = "<group>"; };
		99A7013E2D65DD81001BFE89 /* CoreAlertController.swift */ = {isa = PBXFileReference; lastKnownFileType = sourcecode.swift; path = CoreAlertController.swift; sourceTree = "<group>"; };
		99B745D22D61F1B200CA9441 /* BottomNavigationBar.swift */ = {isa = PBXFileReference; lastKnownFileType = sourcecode.swift; path = BottomNavigationBar.swift; sourceTree = "<group>"; };
		99B745D52D621DF800CA9441 /* Navigator.swift */ = {isa = PBXFileReference; lastKnownFileType = sourcecode.swift; path = Navigator.swift; sourceTree = "<group>"; };
		99B745D82D6237CD00CA9441 /* TvShows.swift */ = {isa = PBXFileReference; lastKnownFileType = sourcecode.swift; path = TvShows.swift; sourceTree = "<group>"; };
		99B745DA2D62563600CA9441 /* Library.swift */ = {isa = PBXFileReference; lastKnownFileType = sourcecode.swift; path = Library.swift; sourceTree = "<group>"; };
		99B745DC2D625B2100CA9441 /* TopNavigationBar.swift */ = {isa = PBXFileReference; lastKnownFileType = sourcecode.swift; path = TopNavigationBar.swift; sourceTree = "<group>"; };
		99B745DF2D62638500CA9441 /* Item.swift */ = {isa = PBXFileReference; lastKnownFileType = sourcecode.swift; path = Item.swift; sourceTree = "<group>"; };
		99B745E12D62667C00CA9441 /* Application+Ext.swift */ = {isa = PBXFileReference; lastKnownFileType = sourcecode.swift; path = "Application+Ext.swift"; sourceTree = "<group>"; };
		A5F9247A5416D6FFB75EBA5D /* Pods_TheMovieDataBase.framework */ = {isa = PBXFileReference; explicitFileType = wrapper.framework; includeInIndex = 0; path = Pods_TheMovieDataBase.framework; sourceTree = BUILT_PRODUCTS_DIR; };
		CBE0B83DCE3AE0542FE43EAE /* Pods-TheMovieDataBase.debug.xcconfig */ = {isa = PBXFileReference; includeInIndex = 1; lastKnownFileType = text.xcconfig; name = "Pods-TheMovieDataBase.debug.xcconfig"; path = "Target Support Files/Pods-TheMovieDataBase/Pods-TheMovieDataBase.debug.xcconfig"; sourceTree = "<group>"; };
		FE9199CA66400C03DF4A08CD /* Pods-TheMovieDataBase.release.xcconfig */ = {isa = PBXFileReference; includeInIndex = 1; lastKnownFileType = text.xcconfig; name = "Pods-TheMovieDataBase.release.xcconfig"; path = "Target Support Files/Pods-TheMovieDataBase/Pods-TheMovieDataBase.release.xcconfig"; sourceTree = "<group>"; };
/* End PBXFileReference section */

/* Begin PBXFrameworksBuildPhase section */
		99A2B11E2D610A6C008BBA96 /* Frameworks */ = {
			isa = PBXFrameworksBuildPhase;
			buildActionMask = 2147483647;
			files = (
				E266BD075216550B0DAEE245 /* Pods_TheMovieDataBase.framework in Frameworks */,
			);
			runOnlyForDeploymentPostprocessing = 0;
		};
/* End PBXFrameworksBuildPhase section */

/* Begin PBXGroup section */
		9910D93E2D634CD600FF4D14 /* Env */ = {
			isa = PBXGroup;
			children = (
				9910D93F2D634CE600FF4D14 /* Env.swift */,
			);
			path = Env;
			sourceTree = "<group>";
		};
		995E92D32D63D6B600F04886 /* View */ = {
			isa = PBXGroup;
			children = (
				995E92D42D63D6E500F04886 /* ItemTableCell.swift */,
			);
			path = View;
			sourceTree = "<group>";
		};
		996A899C2D64BC3B00D0D260 /* Manager */ = {
			isa = PBXGroup;
			children = (
				996A899A2D64B7B700D0D260 /* RemoteDataprovider.swift */,
				9910D93C2D634BF800FF4D14 /* DataProvider.swift */,
				9910D9412D63507E00FF4D14 /* TMDBManager.swift */,
				996A899D2D64BC5700D0D260 /* ResultManager.swift */,
				996A899F2D64BC7E00D0D260 /* ApplicationError.swift */,
			);
			path = Manager;
			sourceTree = "<group>";
		};
		99A2B1182D610A6C008BBA96 = {
			isa = PBXGroup;
			children = (
				99A2B1232D610A6C008BBA96 /* TheMovieDataBase */,
				99A2B1222D610A6C008BBA96 /* Products */,
				BDC684285D1C6B13B83A3300 /* Pods */,
				AFC6CE7BC58788D54A8168DA /* Frameworks */,
			);
			sourceTree = "<group>";
		};
		99A2B1222D610A6C008BBA96 /* Products */ = {
			isa = PBXGroup;
			children = (
				99A2B1212D610A6C008BBA96 /* TheMovieDataBase.app */,
			);
			name = Products;
			sourceTree = "<group>";
		};
		99A2B1232D610A6C008BBA96 /* TheMovieDataBase */ = {
			isa = PBXGroup;
			children = (
				996A899C2D64BC3B00D0D260 /* Manager */,
				99B745DE2D62635F00CA9441 /* Model */,
				99A2B1412D611569008BBA96 /* Application */,
				99A2B1382D611224008BBA96 /* CoreClass */,
				99A2B1462D612C46008BBA96 /* BaseClass */,
				99B745D42D621D9D00CA9441 /* Navigator */,
				99B745D72D62377400CA9441 /* Pages */,
				99A2B12A2D610A6C008BBA96 /* Main.storyboard */,
				99A2B12D2D610A6D008BBA96 /* Assets.xcassets */,
				99A2B12F2D610A6D008BBA96 /* LaunchScreen.storyboard */,
				99A2B1322D610A6D008BBA96 /* Info.plist */,
			);
			path = TheMovieDataBase;
			sourceTree = "<group>";
		};
		99A2B1382D611224008BBA96 /* CoreClass */ = {
			isa = PBXGroup;
			children = (
				99A2B1392D611270008BBA96 /* CoreNavigationController.swift */,
				99A2B13D2D611458008BBA96 /* CoreViewController.swift */,
				99A2B13F2D6114CB008BBA96 /* CoreTableViewController.swift */,
				99A7013E2D65DD81001BFE89 /* CoreAlertController.swift */,
			);
			path = CoreClass;
			sourceTree = "<group>";
		};
		99A2B1412D611569008BBA96 /* Application */ = {
			isa = PBXGroup;
			children = (
				9910D93E2D634CD600FF4D14 /* Env */,
				99A2B1262D610A6C008BBA96 /* SceneDelegate.swift */,
				99A2B1242D610A6C008BBA96 /* AppDelegate.swift */,
				99B745E12D62667C00CA9441 /* Application+Ext.swift */,
			);
			path = Application;
			sourceTree = "<group>";
		};
		99A2B1462D612C46008BBA96 /* BaseClass */ = {
			isa = PBXGroup;
			children = (
				99B745D12D61F19500CA9441 /* BaseView */,
				99A2B1472D612CCC008BBA96 /* BaseNavigationController.swift */,
				99A2B1492D612D63008BBA96 /* BaseTableViewController.swift */,
				99A2B14B2D612FB2008BBA96 /* BaseViewController.swift */,
			);
			path = BaseClass;
			sourceTree = "<group>";
		};
		99B745D12D61F19500CA9441 /* BaseView */ = {
			isa = PBXGroup;
			children = (
				99B745D22D61F1B200CA9441 /* BottomNavigationBar.swift */,
				99B745DC2D625B2100CA9441 /* TopNavigationBar.swift */,
				996919402D628ECF003EE6C3 /* ViewPager.swift */,
			);
			path = BaseView;
			sourceTree = "<group>";
		};
		99B745D42D621D9D00CA9441 /* Navigator */ = {
			isa = PBXGroup;
			children = (
				99A2B1442D6117C7008BBA96 /* BottomNavigator.swift */,
				99B745D52D621DF800CA9441 /* Navigator.swift */,
			);
			path = Navigator;
			sourceTree = "<group>";
		};
		99B745D72D62377400CA9441 /* Pages */ = {
			isa = PBXGroup;
			children = (
				995E92D32D63D6B600F04886 /* View */,
				99A2B1422D611676008BBA96 /* Movies.swift */,
				99B745D82D6237CD00CA9441 /* TvShows.swift */,
				99B745DA2D62563600CA9441 /* Library.swift */,
				996A89982D647A9300D0D260 /* Detail.swift */,
			);
			path = Pages;
			sourceTree = "<group>";
		};
		99B745DE2D62635F00CA9441 /* Model */ = {
			isa = PBXGroup;
			children = (
				99B745DF2D62638500CA9441 /* Item.swift */,
				9910D9432D636F3000FF4D14 /* Response.swift */,
			);
			path = Model;
			sourceTree = "<group>";
		};
		AFC6CE7BC58788D54A8168DA /* Frameworks */ = {
			isa = PBXGroup;
			children = (
				A5F9247A5416D6FFB75EBA5D /* Pods_TheMovieDataBase.framework */,
			);
			name = Frameworks;
			sourceTree = "<group>";
		};
		BDC684285D1C6B13B83A3300 /* Pods */ = {
			isa = PBXGroup;
			children = (
				CBE0B83DCE3AE0542FE43EAE /* Pods-TheMovieDataBase.debug.xcconfig */,
				FE9199CA66400C03DF4A08CD /* Pods-TheMovieDataBase.release.xcconfig */,
			);
			path = Pods;
			sourceTree = "<group>";
		};
/* End PBXGroup section */

/* Begin PBXNativeTarget section */
		99A2B1202D610A6C008BBA96 /* TheMovieDataBase */ = {
			isa = PBXNativeTarget;
			buildConfigurationList = 99A2B1352D610A6D008BBA96 /* Build configuration list for PBXNativeTarget "TheMovieDataBase" */;
			buildPhases = (
				FFAE8616318E8FDEAAAABE3C /* [CP] Check Pods Manifest.lock */,
				99A2B11D2D610A6C008BBA96 /* Sources */,
				99A2B11E2D610A6C008BBA96 /* Frameworks */,
				99A2B11F2D610A6C008BBA96 /* Resources */,
				66E5D77558F46CE56F9D3236 /* [CP] Embed Pods Frameworks */,
			);
			buildRules = (
			);
			dependencies = (
			);
			name = TheMovieDataBase;
			productName = TheMovieDataBase;
			productReference = 99A2B1212D610A6C008BBA96 /* TheMovieDataBase.app */;
			productType = "com.apple.product-type.application";
		};
/* End PBXNativeTarget section */

/* Begin PBXProject section */
		99A2B1192D610A6C008BBA96 /* Project object */ = {
			isa = PBXProject;
			attributes = {
				BuildIndependentTargetsInParallel = 1;
				LastSwiftUpdateCheck = 1540;
				LastUpgradeCheck = 1540;
				TargetAttributes = {
					99A2B1202D610A6C008BBA96 = {
						CreatedOnToolsVersion = 15.4;
					};
				};
			};
			buildConfigurationList = 99A2B11C2D610A6C008BBA96 /* Build configuration list for PBXProject "TheMovieDataBase" */;
			compatibilityVersion = "Xcode 14.0";
			developmentRegion = en;
			hasScannedForEncodings = 0;
			knownRegions = (
				en,
				Base,
			);
			mainGroup = 99A2B1182D610A6C008BBA96;
			productRefGroup = 99A2B1222D610A6C008BBA96 /* Products */;
			projectDirPath = "";
			projectRoot = "";
			targets = (
				99A2B1202D610A6C008BBA96 /* TheMovieDataBase */,
			);
		};
/* End PBXProject section */

/* Begin PBXResourcesBuildPhase section */
		99A2B11F2D610A6C008BBA96 /* Resources */ = {
			isa = PBXResourcesBuildPhase;
			buildActionMask = 2147483647;
			files = (
				99A2B12E2D610A6D008BBA96 /* Assets.xcassets in Resources */,
				99A2B1312D610A6D008BBA96 /* Base in Resources */,
				99A2B12C2D610A6C008BBA96 /* Base in Resources */,
			);
			runOnlyForDeploymentPostprocessing = 0;
		};
/* End PBXResourcesBuildPhase section */

/* Begin PBXShellScriptBuildPhase section */
		66E5D77558F46CE56F9D3236 /* [CP] Embed Pods Frameworks */ = {
			isa = PBXShellScriptBuildPhase;
			buildActionMask = 2147483647;
			files = (
			);
			inputFileListPaths = (
				"${PODS_ROOT}/Target Support Files/Pods-TheMovieDataBase/Pods-TheMovieDataBase-frameworks-${CONFIGURATION}-input-files.xcfilelist",
			);
			name = "[CP] Embed Pods Frameworks";
			outputFileListPaths = (
				"${PODS_ROOT}/Target Support Files/Pods-TheMovieDataBase/Pods-TheMovieDataBase-frameworks-${CONFIGURATION}-output-files.xcfilelist",
			);
			runOnlyForDeploymentPostprocessing = 0;
			shellPath = /bin/sh;
			shellScript = "\"${PODS_ROOT}/Target Support Files/Pods-TheMovieDataBase/Pods-TheMovieDataBase-frameworks.sh\"\n";
			showEnvVarsInLog = 0;
		};
		FFAE8616318E8FDEAAAABE3C /* [CP] Check Pods Manifest.lock */ = {
			isa = PBXShellScriptBuildPhase;
			buildActionMask = 2147483647;
			files = (
			);
			inputFileListPaths = (
			);
			inputPaths = (
				"${PODS_PODFILE_DIR_PATH}/Podfile.lock",
				"${PODS_ROOT}/Manifest.lock",
			);
			name = "[CP] Check Pods Manifest.lock";
			outputFileListPaths = (
			);
			outputPaths = (
				"$(DERIVED_FILE_DIR)/Pods-TheMovieDataBase-checkManifestLockResult.txt",
			);
			runOnlyForDeploymentPostprocessing = 0;
			shellPath = /bin/sh;
			shellScript = "diff \"${PODS_PODFILE_DIR_PATH}/Podfile.lock\" \"${PODS_ROOT}/Manifest.lock\" > /dev/null\nif [ $? != 0 ] ; then\n    # print error to STDERR\n    echo \"error: The sandbox is not in sync with the Podfile.lock. Run 'pod install' or update your CocoaPods installation.\" >&2\n    exit 1\nfi\n# This output is used by Xcode 'outputs' to avoid re-running this script phase.\necho \"SUCCESS\" > \"${SCRIPT_OUTPUT_FILE_0}\"\n";
			showEnvVarsInLog = 0;
		};
/* End PBXShellScriptBuildPhase section */

/* Begin PBXSourcesBuildPhase section */
		99A2B11D2D610A6C008BBA96 /* Sources */ = {
			isa = PBXSourcesBuildPhase;
			buildActionMask = 2147483647;
			files = (
				99A2B14C2D612FB2008BBA96 /* BaseViewController.swift in Sources */,
				99B745DB2D62563600CA9441 /* Library.swift in Sources */,
				99A7013F2D65DD81001BFE89 /* CoreAlertController.swift in Sources */,
				996A89992D647A9300D0D260 /* Detail.swift in Sources */,
				99A2B13E2D611458008BBA96 /* CoreViewController.swift in Sources */,
				996A899B2D64B7B700D0D260 /* RemoteDataprovider.swift in Sources */,
				99A2B1252D610A6C008BBA96 /* AppDelegate.swift in Sources */,
				99B745E02D62638500CA9441 /* Item.swift in Sources */,
				9910D9402D634CE600FF4D14 /* Env.swift in Sources */,
				996A89A02D64BC7E00D0D260 /* ApplicationError.swift in Sources */,
				99B745D92D6237CD00CA9441 /* TvShows.swift in Sources */,
				99A2B1402D6114CB008BBA96 /* CoreTableViewController.swift in Sources */,
				9910D93D2D634BF800FF4D14 /* DataProvider.swift in Sources */,
				99B745D32D61F1B200CA9441 /* BottomNavigationBar.swift in Sources */,
				9910D9422D63507E00FF4D14 /* TMDBManager.swift in Sources */,
				99B745DD2D625B2100CA9441 /* TopNavigationBar.swift in Sources */,
				99B745D62D621DF800CA9441 /* Navigator.swift in Sources */,
				99B745E22D62667C00CA9441 /* Application+Ext.swift in Sources */,
				99A2B1482D612CCC008BBA96 /* BaseNavigationController.swift in Sources */,
				99A2B13A2D611270008BBA96 /* CoreNavigationController.swift in Sources */,
				99A2B14A2D612D63008BBA96 /* BaseTableViewController.swift in Sources */,
				996919412D628ECF003EE6C3 /* ViewPager.swift in Sources */,
				9910D9442D636F3000FF4D14 /* Response.swift in Sources */,
				99A2B1452D6117C7008BBA96 /* BottomNavigator.swift in Sources */,
				99A2B1432D611676008BBA96 /* Movies.swift in Sources */,
				99A2B1272D610A6C008BBA96 /* SceneDelegate.swift in Sources */,
				996A899E2D64BC5700D0D260 /* ResultManager.swift in Sources */,
				995E92D52D63D6E500F04886 /* ItemTableCell.swift in Sources */,
			);
			runOnlyForDeploymentPostprocessing = 0;
		};
/* End PBXSourcesBuildPhase section */

/* Begin PBXVariantGroup section */
		99A2B12A2D610A6C008BBA96 /* Main.storyboard */ = {
			isa = PBXVariantGroup;
			children = (
				99A2B12B2D610A6C008BBA96 /* Base */,
			);
			name = Main.storyboard;
			sourceTree = "<group>";
		};
		99A2B12F2D610A6D008BBA96 /* LaunchScreen.storyboard */ = {
			isa = PBXVariantGroup;
			children = (
				99A2B1302D610A6D008BBA96 /* Base */,
			);
			name = LaunchScreen.storyboard;
			sourceTree = "<group>";
		};
/* End PBXVariantGroup section */

/* Begin XCBuildConfiguration section */
		99A2B1332D610A6D008BBA96 /* Debug */ = {
			isa = XCBuildConfiguration;
			buildSettings = {
				ALWAYS_SEARCH_USER_PATHS = NO;
				ASSETCATALOG_COMPILER_GENERATE_SWIFT_ASSET_SYMBOL_EXTENSIONS = YES;
				CLANG_ANALYZER_NONNULL = YES;
				CLANG_ANALYZER_NUMBER_OBJECT_CONVERSION = YES_AGGRESSIVE;
				CLANG_CXX_LANGUAGE_STANDARD = "gnu++20";
				CLANG_ENABLE_MODULES = YES;
				CLANG_ENABLE_OBJC_ARC = YES;
				CLANG_ENABLE_OBJC_WEAK = YES;
				CLANG_WARN_BLOCK_CAPTURE_AUTORELEASING = YES;
				CLANG_WARN_BOOL_CONVERSION = YES;
				CLANG_WARN_COMMA = YES;
				CLANG_WARN_CONSTANT_CONVERSION = YES;
				CLANG_WARN_DEPRECATED_OBJC_IMPLEMENTATIONS = YES;
				CLANG_WARN_DIRECT_OBJC_ISA_USAGE = YES_ERROR;
				CLANG_WARN_DOCUMENTATION_COMMENTS = YES;
				CLANG_WARN_EMPTY_BODY = YES;
				CLANG_WARN_ENUM_CONVERSION = YES;
				CLANG_WARN_INFINITE_RECURSION = YES;
				CLANG_WARN_INT_CONVERSION = YES;
				CLANG_WARN_NON_LITERAL_NULL_CONVERSION = YES;
				CLANG_WARN_OBJC_IMPLICIT_RETAIN_SELF = YES;
				CLANG_WARN_OBJC_LITERAL_CONVERSION = YES;
				CLANG_WARN_OBJC_ROOT_CLASS = YES_ERROR;
				CLANG_WARN_QUOTED_INCLUDE_IN_FRAMEWORK_HEADER = YES;
				CLANG_WARN_RANGE_LOOP_ANALYSIS = YES;
				CLANG_WARN_STRICT_PROTOTYPES = YES;
				CLANG_WARN_SUSPICIOUS_MOVE = YES;
				CLANG_WARN_UNGUARDED_AVAILABILITY = YES_AGGRESSIVE;
				CLANG_WARN_UNREACHABLE_CODE = YES;
				CLANG_WARN__DUPLICATE_METHOD_MATCH = YES;
				COPY_PHASE_STRIP = NO;
				DEBUG_INFORMATION_FORMAT = dwarf;
				ENABLE_STRICT_OBJC_MSGSEND = YES;
				ENABLE_TESTABILITY = YES;
				ENABLE_USER_SCRIPT_SANDBOXING = NO;
				GCC_C_LANGUAGE_STANDARD = gnu17;
				GCC_DYNAMIC_NO_PIC = NO;
				GCC_NO_COMMON_BLOCKS = YES;
				GCC_OPTIMIZATION_LEVEL = 0;
				GCC_PREPROCESSOR_DEFINITIONS = (
					"DEBUG=1",
					"$(inherited)",
				);
				GCC_WARN_64_TO_32_BIT_CONVERSION = YES;
				GCC_WARN_ABOUT_RETURN_TYPE = YES_ERROR;
				GCC_WARN_UNDECLARED_SELECTOR = YES;
				GCC_WARN_UNINITIALIZED_AUTOS = YES_AGGRESSIVE;
				GCC_WARN_UNUSED_FUNCTION = YES;
				GCC_WARN_UNUSED_VARIABLE = YES;
				IPHONEOS_DEPLOYMENT_TARGET = 17.5;
				LOCALIZATION_PREFERS_STRING_CATALOGS = YES;
				MTL_ENABLE_DEBUG_INFO = INCLUDE_SOURCE;
				MTL_FAST_MATH = YES;
				ONLY_ACTIVE_ARCH = YES;
				SDKROOT = iphoneos;
				SWIFT_ACTIVE_COMPILATION_CONDITIONS = "DEBUG $(inherited)";
				SWIFT_OPTIMIZATION_LEVEL = "-Onone";
			};
			name = Debug;
		};
		99A2B1342D610A6D008BBA96 /* Release */ = {
			isa = XCBuildConfiguration;
			buildSettings = {
				ALWAYS_SEARCH_USER_PATHS = NO;
				ASSETCATALOG_COMPILER_GENERATE_SWIFT_ASSET_SYMBOL_EXTENSIONS = YES;
				CLANG_ANALYZER_NONNULL = YES;
				CLANG_ANALYZER_NUMBER_OBJECT_CONVERSION = YES_AGGRESSIVE;
				CLANG_CXX_LANGUAGE_STANDARD = "gnu++20";
				CLANG_ENABLE_MODULES = YES;
				CLANG_ENABLE_OBJC_ARC = YES;
				CLANG_ENABLE_OBJC_WEAK = YES;
				CLANG_WARN_BLOCK_CAPTURE_AUTORELEASING = YES;
				CLANG_WARN_BOOL_CONVERSION = YES;
				CLANG_WARN_COMMA = YES;
				CLANG_WARN_CONSTANT_CONVERSION = YES;
				CLANG_WARN_DEPRECATED_OBJC_IMPLEMENTATIONS = YES;
				CLANG_WARN_DIRECT_OBJC_ISA_USAGE = YES_ERROR;
				CLANG_WARN_DOCUMENTATION_COMMENTS = YES;
				CLANG_WARN_EMPTY_BODY = YES;
				CLANG_WARN_ENUM_CONVERSION = YES;
				CLANG_WARN_INFINITE_RECURSION = YES;
				CLANG_WARN_INT_CONVERSION = YES;
				CLANG_WARN_NON_LITERAL_NULL_CONVERSION = YES;
				CLANG_WARN_OBJC_IMPLICIT_RETAIN_SELF = YES;
				CLANG_WARN_OBJC_LITERAL_CONVERSION = YES;
				CLANG_WARN_OBJC_ROOT_CLASS = YES_ERROR;
				CLANG_WARN_QUOTED_INCLUDE_IN_FRAMEWORK_HEADER = YES;
				CLANG_WARN_RANGE_LOOP_ANALYSIS = YES;
				CLANG_WARN_STRICT_PROTOTYPES = YES;
				CLANG_WARN_SUSPICIOUS_MOVE = YES;
				CLANG_WARN_UNGUARDED_AVAILABILITY = YES_AGGRESSIVE;
				CLANG_WARN_UNREACHABLE_CODE = YES;
				CLANG_WARN__DUPLICATE_METHOD_MATCH = YES;
				COPY_PHASE_STRIP = NO;
				DEBUG_INFORMATION_FORMAT = "dwarf-with-dsym";
				ENABLE_NS_ASSERTIONS = NO;
				ENABLE_STRICT_OBJC_MSGSEND = YES;
				ENABLE_USER_SCRIPT_SANDBOXING = NO;
				GCC_C_LANGUAGE_STANDARD = gnu17;
				GCC_NO_COMMON_BLOCKS = YES;
				GCC_WARN_64_TO_32_BIT_CONVERSION = YES;
				GCC_WARN_ABOUT_RETURN_TYPE = YES_ERROR;
				GCC_WARN_UNDECLARED_SELECTOR = YES;
				GCC_WARN_UNINITIALIZED_AUTOS = YES_AGGRESSIVE;
				GCC_WARN_UNUSED_FUNCTION = YES;
				GCC_WARN_UNUSED_VARIABLE = YES;
				IPHONEOS_DEPLOYMENT_TARGET = 17.5;
				LOCALIZATION_PREFERS_STRING_CATALOGS = YES;
				MTL_ENABLE_DEBUG_INFO = NO;
				MTL_FAST_MATH = YES;
				SDKROOT = iphoneos;
				SWIFT_COMPILATION_MODE = wholemodule;
				VALIDATE_PRODUCT = YES;
			};
			name = Release;
		};
		99A2B1362D610A6D008BBA96 /* Debug */ = {
			isa = XCBuildConfiguration;
			baseConfigurationReference = CBE0B83DCE3AE0542FE43EAE /* Pods-TheMovieDataBase.debug.xcconfig */;
			buildSettings = {
				ASSETCATALOG_COMPILER_APPICON_NAME = AppIcon;
				ASSETCATALOG_COMPILER_GLOBAL_ACCENT_COLOR_NAME = AccentColor;
				CODE_SIGN_STYLE = Automatic;
				CURRENT_PROJECT_VERSION = 1;
				DEVELOPMENT_TEAM = K7ZRM8HBCD;
				GENERATE_INFOPLIST_FILE = YES;
				INFOPLIST_FILE = TheMovieDataBase/Info.plist;
				INFOPLIST_KEY_UIApplicationSupportsIndirectInputEvents = YES;
				INFOPLIST_KEY_UILaunchStoryboardName = LaunchScreen;
				INFOPLIST_KEY_UIMainStoryboardFile = Main;
				INFOPLIST_KEY_UISupportedInterfaceOrientations_iPad = "UIInterfaceOrientationPortrait UIInterfaceOrientationPortraitUpsideDown UIInterfaceOrientationLandscapeLeft UIInterfaceOrientationLandscapeRight";
				INFOPLIST_KEY_UISupportedInterfaceOrientations_iPhone = "UIInterfaceOrientationPortrait UIInterfaceOrientationLandscapeLeft UIInterfaceOrientationLandscapeRight";
				LD_RUNPATH_SEARCH_PATHS = (
					"$(inherited)",
					"@executable_path/Frameworks",
				);
				MARKETING_VERSION = 1.0;
				PRODUCT_BUNDLE_IDENTIFIER = com.github.didebbo.TheMovieDataBase;
				PRODUCT_NAME = "$(TARGET_NAME)";
				SWIFT_EMIT_LOC_STRINGS = YES;
				SWIFT_VERSION = 5.0;
				TARGETED_DEVICE_FAMILY = "1,2";
			};
			name = Debug;
		};
		99A2B1372D610A6D008BBA96 /* Release */ = {
			isa = XCBuildConfiguration;
			baseConfigurationReference = FE9199CA66400C03DF4A08CD /* Pods-TheMovieDataBase.release.xcconfig */;
			buildSettings = {
				ASSETCATALOG_COMPILER_APPICON_NAME = AppIcon;
				ASSETCATALOG_COMPILER_GLOBAL_ACCENT_COLOR_NAME = AccentColor;
				CODE_SIGN_STYLE = Automatic;
				CURRENT_PROJECT_VERSION = 1;
				DEVELOPMENT_TEAM = K7ZRM8HBCD;
				GENERATE_INFOPLIST_FILE = YES;
				INFOPLIST_FILE = TheMovieDataBase/Info.plist;
				INFOPLIST_KEY_UIApplicationSupportsIndirectInputEvents = YES;
				INFOPLIST_KEY_UILaunchStoryboardName = LaunchScreen;
				INFOPLIST_KEY_UIMainStoryboardFile = Main;
				INFOPLIST_KEY_UISupportedInterfaceOrientations_iPad = "UIInterfaceOrientationPortrait UIInterfaceOrientationPortraitUpsideDown UIInterfaceOrientationLandscapeLeft UIInterfaceOrientationLandscapeRight";
				INFOPLIST_KEY_UISupportedInterfaceOrientations_iPhone = "UIInterfaceOrientationPortrait UIInterfaceOrientationLandscapeLeft UIInterfaceOrientationLandscapeRight";
				LD_RUNPATH_SEARCH_PATHS = (
					"$(inherited)",
					"@executable_path/Frameworks",
				);
				MARKETING_VERSION = 1.0;
				PRODUCT_BUNDLE_IDENTIFIER = com.github.didebbo.TheMovieDataBase;
				PRODUCT_NAME = "$(TARGET_NAME)";
				SWIFT_EMIT_LOC_STRINGS = YES;
				SWIFT_VERSION = 5.0;
				TARGETED_DEVICE_FAMILY = "1,2";
			};
			name = Release;
		};
/* End XCBuildConfiguration section */

/* Begin XCConfigurationList section */
		99A2B11C2D610A6C008BBA96 /* Build configuration list for PBXProject "TheMovieDataBase" */ = {
			isa = XCConfigurationList;
			buildConfigurations = (
				99A2B1332D610A6D008BBA96 /* Debug */,
				99A2B1342D610A6D008BBA96 /* Release */,
			);
			defaultConfigurationIsVisible = 0;
			defaultConfigurationName = Release;
		};
		99A2B1352D610A6D008BBA96 /* Build configuration list for PBXNativeTarget "TheMovieDataBase" */ = {
			isa = XCConfigurationList;
			buildConfigurations = (
				99A2B1362D610A6D008BBA96 /* Debug */,
				99A2B1372D610A6D008BBA96 /* Release */,
			);
			defaultConfigurationIsVisible = 0;
			defaultConfigurationName = Release;
		};
/* End XCConfigurationList section */
	};
	rootObject = 99A2B1192D610A6C008BBA96 /* Project object */;
}
